
Microsoft Visual Studio Solution File, Format Version 12.00
# Visual Studio Express 2013 for Windows Desktop
VisualStudioVersion = 12.0.21005.1
MinimumVisualStudioVersion = 10.0.40219.1
Project("{FAE04EC0-301F-11D3-BF4B-00C04F79EFBC}") = "MangaDownloader", "MangaDownloader\MangaDownloader.csproj", "{76769F21-D51F-4945-94DB-4D40B301EABF}"
EndProject
Project("{FAE04EC0-301F-11D3-BF4B-00C04F79EFBC}") = "MangaGo", "MangaGo\MangaGo.csproj", "{0FD56A87-7283-4F20-BA4C-4EB47C28DD7A}"
EndProject
Project("{FAE04EC0-301F-11D3-BF4B-00C04F79EFBC}") = "QueuedAsynchronousDownload", "..\QADL\QueuedAsynchronousDownload\QueuedAsynchronousDownload.csproj", "{6EF2CA6A-AB3C-48C2-9642-76AC4DB420F6}"
EndProject
Global
	GlobalSection(SolutionConfigurationPlatforms) = preSolution
		Debug|Any CPU = Debug|Any CPU
		Release|Any CPU = Release|Any CPU
	EndGlobalSection
	GlobalSection(ProjectConfigurationPlatforms) = postSolution
		{76769F21-D51F-4945-94DB-4D40B301EABF}.Debug|Any CPU.ActiveCfg = Debug|Any CPU
		{76769F21-D51F-4945-94DB-4D40B301EABF}.Debug|Any CPU.Build.0 = Debug|Any CPU
		{76769F21-D51F-4945-94DB-4D40B301EABF}.Release|Any CPU.ActiveCfg = Release|Any CPU
		{76769F21-D51F-4945-94DB-4D40B301EABF}.Release|Any CPU.Build.0 = Release|Any CPU
		{0FD56A87-7283-4F20-BA4C-4EB47C28DD7A}.Debug|Any CPU.ActiveCfg = Debug|Any CPU
		{0FD56A87-7283-4F20-BA4C-4EB47C28DD7A}.Debug|Any CPU.Build.0 = Debug|Any CPU
		{0FD56A87-7283-4F20-BA4C-4EB47C28DD7A}.Release|Any CPU.ActiveCfg = Release|Any CPU
		{0FD56A87-7283-4F20-BA4C-4EB47C28DD7A}.Release|Any CPU.Build.0 = Release|Any CPU
		{6EF2CA6A-AB3C-48C2-9642-76AC4DB420F6}.Debug|Any CPU.ActiveCfg = Debug|Any CPU
		{6EF2CA6A-AB3C-48C2-9642-76AC4DB420F6}.Debug|Any CPU.Build.0 = Debug|Any CPU
		{6EF2CA6A-AB3C-48C2-9642-76AC4DB420F6}.Release|Any CPU.ActiveCfg = Release|Any CPU
		{6EF2CA6A-AB3C-48C2-9642-76AC4DB420F6}.Release|Any CPU.Build.0 = Release|Any CPU
	EndGlobalSection
	GlobalSection(SolutionProperties) = preSolution
		HideSolutionNode = FALSE
	EndGlobalSection
EndGlobal
